{
  "object": {
    "pins": [
      {
        "package": "WebRTC",
        "repositoryURL": "https://github.com/stasel/WebRTC.git",
        "state": {
          "branch": null,
          "revision": "9b18f07c09c7e4e6bc7de4cdfef8b4b78574858c",
          "version": "91.0.0"
        }
      }
    ]
  },
  "version": 1
}
