// !$*UTF8*$!
{
	archiveVersion = 1;
	classes = {
	};
	objectVersion = 52;
	objects = {

/* Begin PBXBuildFile section */
		27C7E921268DA78500EA2D70 /* Main.storyboard in Resources */ = {isa = PBXBuildFile; fileRef = 27C7E920268DA78500EA2D70 /* Main.storyboard */; };
		27C7E923268DA79000EA2D70 /* ViewController.swift in Sources */ = {isa = PBXBuildFile; fileRef = 27C7E922268DA79000EA2D70 /* ViewController.swift */; };
		27CDCF5C268C2D0500454944 /* WebRTC.xcframework in Frameworks */ = {isa = PBXBuildFile; fileRef = 2760C8622685D33E0094565E /* WebRTC.xcframework */; };
		27CDCF5D268C2D0500454944 /* WebRTC.xcframework in Embed Frameworks */ = {isa = PBXBuildFile; fileRef = 2760C8622685D33E0094565E /* WebRTC.xcframework */; settings = {ATTRIBUTES = (CodeSignOnCopy, RemoveHeadersOnCopy, ); }; };
		2F7EBC3622DCC6430015B46E /* WebSocketProvider.swift in Sources */ = {isa = PBXBuildFile; fileRef = 2F7EBC3522DCC6430015B46E /* WebSocketProvider.swift */; };
		2F7EBC3822DCCB4E0015B46E /* StarscreamProvider.swift in Sources */ = {isa = PBXBuildFile; fileRef = 2F7EBC3722DCCB4E0015B46E /* StarscreamProvider.swift */; };
		2F7EBC3A22DCCE240015B46E /* NativeWebSocket.swift in Sources */ = {isa = PBXBuildFile; fileRef = 2F7EBC3922DCCE240015B46E /* NativeWebSocket.swift */; };
		79177C9720B0DE7A00BCD399 /* WebRTCClient.swift in Sources */ = {isa = PBXBuildFile; fileRef = 79177C9620B0DE7A00BCD399 /* WebRTCClient.swift */; };
		79177C9920B0DF2700BCD399 /* SignalingClient.swift in Sources */ = {isa = PBXBuildFile; fileRef = 79177C9820B0DF2700BCD399 /* SignalingClient.swift */; };
		79177CA620B1F76E00BCD399 /* RTCStates.swift in Sources */ = {isa = PBXBuildFile; fileRef = 79177CA520B1F76E00BCD399 /* RTCStates.swift */; };
		79177CA820B2276400BCD399 /* VideoViewController.swift in Sources */ = {isa = PBXBuildFile; fileRef = 79177CA720B2276400BCD399 /* VideoViewController.swift */; };
		79177CAA20B2283F00BCD399 /* VideoViewController.xib in Resources */ = {isa = PBXBuildFile; fileRef = 79177CA920B2283F00BCD399 /* VideoViewController.xib */; };
		792198A222011A450051F03F /* Config.swift in Sources */ = {isa = PBXBuildFile; fileRef = 792198A122011A450051F03F /* Config.swift */; };
		79262EE720B0D6F600D576C1 /* AppDelegate.swift in Sources */ = {isa = PBXBuildFile; fileRef = 79262EE620B0D6F600D576C1 /* AppDelegate.swift */; };
		79262EE920B0D6F600D576C1 /* MainViewController.swift in Sources */ = {isa = PBXBuildFile; fileRef = 79262EE820B0D6F600D576C1 /* MainViewController.swift */; };
		79262EEE20B0D6F800D576C1 /* Assets.xcassets in Resources */ = {isa = PBXBuildFile; fileRef = 79262EED20B0D6F800D576C1 /* Assets.xcassets */; };
		795A4A26221E081A00F8BB03 /* SessionDescription.swift in Sources */ = {isa = PBXBuildFile; fileRef = 795A4A25221E081A00F8BB03 /* SessionDescription.swift */; };
		795A4A28221E0A1B00F8BB03 /* IceCandidate.swift in Sources */ = {isa = PBXBuildFile; fileRef = 795A4A27221E0A1B00F8BB03 /* IceCandidate.swift */; };
		795A4A2A221E0FB100F8BB03 /* Message.swift in Sources */ = {isa = PBXBuildFile; fileRef = 795A4A29221E0FB100F8BB03 /* Message.swift */; };
		798FBA472200F681009F525E /* MainViewController.xib in Resources */ = {isa = PBXBuildFile; fileRef = 798FBA462200F681009F525E /* MainViewController.xib */; };
		798FBA492200F9A9009F525E /* LaunchScreen.storyboard in Resources */ = {isa = PBXBuildFile; fileRef = 798FBA482200F9A9009F525E /* LaunchScreen.storyboard */; };
		985ADB776D9F6DBB4F2318E1 /* Pods_WebRTC_Demo.framework in Frameworks */ = {isa = PBXBuildFile; fileRef = D8AF19AF363E8734B05C585F /* Pods_WebRTC_Demo.framework */; };
/* End PBXBuildFile section */

/* Begin PBXCopyFilesBuildPhase section */
		27CDCF5E268C2D0600454944 /* Embed Frameworks */ = {
			isa = PBXCopyFilesBuildPhase;
			buildActionMask = 2147483647;
			dstPath = "";
			dstSubfolderSpec = 10;
			files = (
				27CDCF5D268C2D0500454944 /* WebRTC.xcframework in Embed Frameworks */,
			);
			name = "Embed Frameworks";
			runOnlyForDeploymentPostprocessing = 0;
		};
/* End PBXCopyFilesBuildPhase section */

/* Begin PBXFileReference section */
		0630B7FCFDAF2334345DCD37 /* Pods-WebRTC-Demo.release.xcconfig */ = {isa = PBXFileReference; includeInIndex = 1; lastKnownFileType = text.xcconfig; name = "Pods-WebRTC-Demo.release.xcconfig"; path = "Target Support Files/Pods-WebRTC-Demo/Pods-WebRTC-Demo.release.xcconfig"; sourceTree = "<group>"; };
		1F48F96F6DF5A79C31ADEF42 /* Pods-WebRTC-Demo.debug.xcconfig */ = {isa = PBXFileReference; includeInIndex = 1; lastKnownFileType = text.xcconfig; name = "Pods-WebRTC-Demo.debug.xcconfig"; path = "Target Support Files/Pods-WebRTC-Demo/Pods-WebRTC-Demo.debug.xcconfig"; sourceTree = "<group>"; };
		2760C8622685D33E0094565E /* WebRTC.xcframework */ = {isa = PBXFileReference; lastKnownFileType = wrapper.xcframework; name = WebRTC.xcframework; path = "External libraries/WebRTC.xcframework"; sourceTree = "<group>"; };
		27690B342689FF420046E688 /* WebRTC.framework */ = {isa = PBXFileReference; lastKnownFileType = wrapper.framework; name = WebRTC.framework; path = ../../../../../Desktop/WebRTC.framework; sourceTree = "<group>"; };
		27690B43268A056E0046E688 /* WebRTC.framework */ = {isa = PBXFileReference; lastKnownFileType = wrapper.framework; name = WebRTC.framework; path = "External libraries/WebRTC.xcframework/ios/WebRTC.framework"; sourceTree = "<group>"; };
		27C7E920268DA78500EA2D70 /* Main.storyboard */ = {isa = PBXFileReference; lastKnownFileType = file.storyboard; path = Main.storyboard; sourceTree = "<group>"; };
		27C7E922268DA79000EA2D70 /* ViewController.swift */ = {isa = PBXFileReference; lastKnownFileType = sourcecode.swift; path = ViewController.swift; sourceTree = "<group>"; };
		27CDCF5A268C2CFC00454944 /* WebRTC.framework */ = {isa = PBXFileReference; lastKnownFileType = wrapper.framework; path = WebRTC.framework; sourceTree = "<group>"; };
		2F7EBC3522DCC6430015B46E /* WebSocketProvider.swift */ = {isa = PBXFileReference; lastKnownFileType = sourcecode.swift; path = WebSocketProvider.swift; sourceTree = "<group>"; };
		2F7EBC3722DCCB4E0015B46E /* StarscreamProvider.swift */ = {isa = PBXFileReference; lastKnownFileType = sourcecode.swift; path = StarscreamProvider.swift; sourceTree = "<group>"; };
		2F7EBC3922DCCE240015B46E /* NativeWebSocket.swift */ = {isa = PBXFileReference; lastKnownFileType = sourcecode.swift; path = NativeWebSocket.swift; sourceTree = "<group>"; };
		79177C9620B0DE7A00BCD399 /* WebRTCClient.swift */ = {isa = PBXFileReference; lastKnownFileType = sourcecode.swift; path = WebRTCClient.swift; sourceTree = "<group>"; };
		79177C9820B0DF2700BCD399 /* SignalingClient.swift */ = {isa = PBXFileReference; lastKnownFileType = sourcecode.swift; path = SignalingClient.swift; sourceTree = "<group>"; };
		79177CA520B1F76E00BCD399 /* RTCStates.swift */ = {isa = PBXFileReference; lastKnownFileType = sourcecode.swift; path = RTCStates.swift; sourceTree = "<group>"; };
		79177CA720B2276400BCD399 /* VideoViewController.swift */ = {isa = PBXFileReference; lastKnownFileType = sourcecode.swift; path = VideoViewController.swift; sourceTree = "<group>"; };
		79177CA920B2283F00BCD399 /* VideoViewController.xib */ = {isa = PBXFileReference; lastKnownFileType = file.xib; path = VideoViewController.xib; sourceTree = "<group>"; };
		792198A122011A450051F03F /* Config.swift */ = {isa = PBXFileReference; lastKnownFileType = sourcecode.swift; path = Config.swift; sourceTree = "<group>"; };
		79262EE320B0D6F600D576C1 /* WebRTC-Demo.app */ = {isa = PBXFileReference; explicitFileType = wrapper.application; includeInIndex = 0; path = "WebRTC-Demo.app"; sourceTree = BUILT_PRODUCTS_DIR; };
		79262EE620B0D6F600D576C1 /* AppDelegate.swift */ = {isa = PBXFileReference; lastKnownFileType = sourcecode.swift; path = AppDelegate.swift; sourceTree = "<group>"; };
		79262EE820B0D6F600D576C1 /* MainViewController.swift */ = {isa = PBXFileReference; lastKnownFileType = sourcecode.swift; path = MainViewController.swift; sourceTree = "<group>"; };
		79262EED20B0D6F800D576C1 /* Assets.xcassets */ = {isa = PBXFileReference; lastKnownFileType = folder.assetcatalog; path = Assets.xcassets; sourceTree = "<group>"; };
		79262EF220B0D6F800D576C1 /* Info.plist */ = {isa = PBXFileReference; lastKnownFileType = text.plist.xml; path = Info.plist; sourceTree = "<group>"; };
		795A4A25221E081A00F8BB03 /* SessionDescription.swift */ = {isa = PBXFileReference; lastKnownFileType = sourcecode.swift; path = SessionDescription.swift; sourceTree = "<group>"; };
		795A4A27221E0A1B00F8BB03 /* IceCandidate.swift */ = {isa = PBXFileReference; lastKnownFileType = sourcecode.swift; path = IceCandidate.swift; sourceTree = "<group>"; };
		795A4A29221E0FB100F8BB03 /* Message.swift */ = {isa = PBXFileReference; lastKnownFileType = sourcecode.swift; path = Message.swift; sourceTree = "<group>"; };
		798FBA462200F681009F525E /* MainViewController.xib */ = {isa = PBXFileReference; lastKnownFileType = file.xib; path = MainViewController.xib; sourceTree = "<group>"; };
		798FBA482200F9A9009F525E /* LaunchScreen.storyboard */ = {isa = PBXFileReference; fileEncoding = 4; lastKnownFileType = file.storyboard; path = LaunchScreen.storyboard; sourceTree = "<group>"; };
		D8AF19AF363E8734B05C585F /* Pods_WebRTC_Demo.framework */ = {isa = PBXFileReference; explicitFileType = wrapper.framework; includeInIndex = 0; path = Pods_WebRTC_Demo.framework; sourceTree = BUILT_PRODUCTS_DIR; };
/* End PBXFileReference section */

/* Begin PBXFrameworksBuildPhase section */
		79262EE020B0D6F600D576C1 /* Frameworks */ = {
			isa = PBXFrameworksBuildPhase;
			buildActionMask = 2147483647;
			files = (
				27CDCF5C268C2D0500454944 /* WebRTC.xcframework in Frameworks */,
				985ADB776D9F6DBB4F2318E1 /* Pods_WebRTC_Demo.framework in Frameworks */,
			);
			runOnlyForDeploymentPostprocessing = 0;
		};
/* End PBXFrameworksBuildPhase section */

/* Begin PBXGroup section */
		27CDCF59268C2CFC00454944 /* ios-simulator */ = {
			isa = PBXGroup;
			children = (
				27CDCF5A268C2CFC00454944 /* WebRTC.framework */,
			);
			name = "ios-simulator";
			path = "External libraries/WebRTC.xcframework/ios-simulator";
			sourceTree = "<group>";
		};
		2F7EBC3422DCC6300015B46E /* WebSocketProvider */ = {
			isa = PBXGroup;
			children = (
				2F7EBC3522DCC6430015B46E /* WebSocketProvider.swift */,
				2F7EBC3722DCCB4E0015B46E /* StarscreamProvider.swift */,
				2F7EBC3922DCCE240015B46E /* NativeWebSocket.swift */,
			);
			path = WebSocketProvider;
			sourceTree = "<group>";
		};
		3BC9CFA6925568262AB2F0D9 /* Pods */ = {
			isa = PBXGroup;
			children = (
				1F48F96F6DF5A79C31ADEF42 /* Pods-WebRTC-Demo.debug.xcconfig */,
				0630B7FCFDAF2334345DCD37 /* Pods-WebRTC-Demo.release.xcconfig */,
			);
			path = Pods;
			sourceTree = "<group>";
		};
		79177C9A20B0E82B00BCD399 /* SupportingFiles */ = {
			isa = PBXGroup;
			children = (
				798FBA482200F9A9009F525E /* LaunchScreen.storyboard */,
				79262EF220B0D6F800D576C1 /* Info.plist */,
			);
			path = SupportingFiles;
			sourceTree = "<group>";
		};
		79177C9B20B0E84600BCD399 /* Resources */ = {
			isa = PBXGroup;
			children = (
				79262EED20B0D6F800D576C1 /* Assets.xcassets */,
			);
			path = Resources;
			sourceTree = "<group>";
		};
		79177CA420B1C39700BCD399 /* Extensions */ = {
			isa = PBXGroup;
			children = (
				79177CA520B1F76E00BCD399 /* RTCStates.swift */,
				795A4A25221E081A00F8BB03 /* SessionDescription.swift */,
				795A4A27221E0A1B00F8BB03 /* IceCandidate.swift */,
			);
			path = Extensions;
			sourceTree = "<group>";
		};
		7921989F220107C90051F03F /* MainScreen */ = {
			isa = PBXGroup;
			children = (
				79262EE820B0D6F600D576C1 /* MainViewController.swift */,
				798FBA462200F681009F525E /* MainViewController.xib */,
			);
			path = MainScreen;
			sourceTree = "<group>";
		};
		792198A0220107E30051F03F /* VideoScreen */ = {
			isa = PBXGroup;
			children = (
				79177CA720B2276400BCD399 /* VideoViewController.swift */,
				79177CA920B2283F00BCD399 /* VideoViewController.xib */,
			);
			path = VideoScreen;
			sourceTree = "<group>";
		};
		79262EDA20B0D6F500D576C1 = {
			isa = PBXGroup;
			children = (
				798FBA422200F3B1009F525E /* Sources */,
				79177C9B20B0E84600BCD399 /* Resources */,
				79177C9A20B0E82B00BCD399 /* SupportingFiles */,
				79262EE420B0D6F600D576C1 /* Products */,
				3BC9CFA6925568262AB2F0D9 /* Pods */,
				A161AFD24A607C136F7FB326 /* Frameworks */,
			);
			sourceTree = "<group>";
		};
		79262EE420B0D6F600D576C1 /* Products */ = {
			isa = PBXGroup;
			children = (
				79262EE320B0D6F600D576C1 /* WebRTC-Demo.app */,
			);
			name = Products;
			sourceTree = "<group>";
		};
		798FBA422200F3B1009F525E /* Sources */ = {
			isa = PBXGroup;
			children = (
				798FBA452200F519009F525E /* Services */,
				798FBA442200F510009F525E /* Screens */,
				79177CA420B1C39700BCD399 /* Extensions */,
				79262EE620B0D6F600D576C1 /* AppDelegate.swift */,
				792198A122011A450051F03F /* Config.swift */,
			);
			path = Sources;
			sourceTree = "<group>";
		};
		798FBA442200F510009F525E /* Screens */ = {
			isa = PBXGroup;
			children = (
				7921989F220107C90051F03F /* MainScreen */,
				792198A0220107E30051F03F /* VideoScreen */,
				27C7E920268DA78500EA2D70 /* Main.storyboard */,
				27C7E922268DA79000EA2D70 /* ViewController.swift */,
			);
			path = Screens;
			sourceTree = "<group>";
		};
		798FBA452200F519009F525E /* Services */ = {
			isa = PBXGroup;
			children = (
				2F7EBC3422DCC6300015B46E /* WebSocketProvider */,
				79177C9820B0DF2700BCD399 /* SignalingClient.swift */,
				79177C9620B0DE7A00BCD399 /* WebRTCClient.swift */,
				795A4A29221E0FB100F8BB03 /* Message.swift */,
			);
			path = Services;
			sourceTree = "<group>";
		};
		A161AFD24A607C136F7FB326 /* Frameworks */ = {
			isa = PBXGroup;
			children = (
				27CDCF59268C2CFC00454944 /* ios-simulator */,
				27690B342689FF420046E688 /* WebRTC.framework */,
				27690B43268A056E0046E688 /* WebRTC.framework */,
				2760C8622685D33E0094565E /* WebRTC.xcframework */,
				D8AF19AF363E8734B05C585F /* Pods_WebRTC_Demo.framework */,
			);
			name = Frameworks;
			sourceTree = "<group>";
		};
/* End PBXGroup section */

/* Begin PBXNativeTarget section */
		79262EE220B0D6F600D576C1 /* WebRTC-Demo */ = {
			isa = PBXNativeTarget;
			buildConfigurationList = 79262EF520B0D6F800D576C1 /* Build configuration list for PBXNativeTarget "WebRTC-Demo" */;
			buildPhases = (
				9778E6C7D85F14365504D35E /* [CP] Check Pods Manifest.lock */,
				79262EDF20B0D6F600D576C1 /* Sources */,
				79262EE020B0D6F600D576C1 /* Frameworks */,
				79262EE120B0D6F600D576C1 /* Resources */,
				745BFFADEF2FE4CF49B54BA1 /* [CP] Embed Pods Frameworks */,
				27CDCF5E268C2D0600454944 /* Embed Frameworks */,
			);
			buildRules = (
			);
			dependencies = (
			);
			name = "WebRTC-Demo";
			packageProductDependencies = (
			);
			productName = WebRTC;
			productReference = 79262EE320B0D6F600D576C1 /* WebRTC-Demo.app */;
			productType = "com.apple.product-type.application";
		};
/* End PBXNativeTarget section */

/* Begin PBXProject section */
		79262EDB20B0D6F500D576C1 /* Project object */ = {
			isa = PBXProject;
			attributes = {
				LastSwiftUpdateCheck = 0930;
				LastUpgradeCheck = 1250;
				ORGANIZATIONNAME = "Stas Seldin";
				TargetAttributes = {
					79262EE220B0D6F600D576C1 = {
						CreatedOnToolsVersion = 9.3.1;
						LastSwiftMigration = 0930;
					};
				};
			};
			buildConfigurationList = 79262EDE20B0D6F500D576C1 /* Build configuration list for PBXProject "WebRTC-Demo" */;
			compatibilityVersion = "Xcode 9.3";
			developmentRegion = en;
			hasScannedForEncodings = 0;
			knownRegions = (
				en,
				Base,
			);
			mainGroup = 79262EDA20B0D6F500D576C1;
			packageReferences = (
			);
			productRefGroup = 79262EE420B0D6F600D576C1 /* Products */;
			projectDirPath = "";
			projectRoot = "";
			targets = (
				79262EE220B0D6F600D576C1 /* WebRTC-Demo */,
			);
		};
/* End PBXProject section */

/* Begin PBXResourcesBuildPhase section */
		79262EE120B0D6F600D576C1 /* Resources */ = {
			isa = PBXResourcesBuildPhase;
			buildActionMask = 2147483647;
			files = (
				79262EEE20B0D6F800D576C1 /* Assets.xcassets in Resources */,
				27C7E921268DA78500EA2D70 /* Main.storyboard in Resources */,
				798FBA472200F681009F525E /* MainViewController.xib in Resources */,
				79177CAA20B2283F00BCD399 /* VideoViewController.xib in Resources */,
				798FBA492200F9A9009F525E /* LaunchScreen.storyboard in Resources */,
			);
			runOnlyForDeploymentPostprocessing = 0;
		};
/* End PBXResourcesBuildPhase section */

/* Begin PBXShellScriptBuildPhase section */
		745BFFADEF2FE4CF49B54BA1 /* [CP] Embed Pods Frameworks */ = {
			isa = PBXShellScriptBuildPhase;
			buildActionMask = 2147483647;
			files = (
			);
			inputFileListPaths = (
				"${PODS_ROOT}/Target Support Files/Pods-WebRTC-Demo/Pods-WebRTC-Demo-frameworks-${CONFIGURATION}-input-files.xcfilelist",
			);
			name = "[CP] Embed Pods Frameworks";
			outputFileListPaths = (
				"${PODS_ROOT}/Target Support Files/Pods-WebRTC-Demo/Pods-WebRTC-Demo-frameworks-${CONFIGURATION}-output-files.xcfilelist",
			);
			runOnlyForDeploymentPostprocessing = 0;
			shellPath = /bin/sh;
			shellScript = "\"${PODS_ROOT}/Target Support Files/Pods-WebRTC-Demo/Pods-WebRTC-Demo-frameworks.sh\"\n";
			showEnvVarsInLog = 0;
		};
		9778E6C7D85F14365504D35E /* [CP] Check Pods Manifest.lock */ = {
			isa = PBXShellScriptBuildPhase;
			buildActionMask = 2147483647;
			files = (
			);
			inputFileListPaths = (
			);
			inputPaths = (
				"${PODS_PODFILE_DIR_PATH}/Podfile.lock",
				"${PODS_ROOT}/Manifest.lock",
			);
			name = "[CP] Check Pods Manifest.lock";
			outputFileListPaths = (
			);
			outputPaths = (
				"$(DERIVED_FILE_DIR)/Pods-WebRTC-Demo-checkManifestLockResult.txt",
			);
			runOnlyForDeploymentPostprocessing = 0;
			shellPath = /bin/sh;
			shellScript = "diff \"${PODS_PODFILE_DIR_PATH}/Podfile.lock\" \"${PODS_ROOT}/Manifest.lock\" > /dev/null\nif [ $? != 0 ] ; then\n    # print error to STDERR\n    echo \"error: The sandbox is not in sync with the Podfile.lock. Run 'pod install' or update your CocoaPods installation.\" >&2\n    exit 1\nfi\n# This output is used by Xcode 'outputs' to avoid re-running this script phase.\necho \"SUCCESS\" > \"${SCRIPT_OUTPUT_FILE_0}\"\n";
			showEnvVarsInLog = 0;
		};
/* End PBXShellScriptBuildPhase section */

/* Begin PBXSourcesBuildPhase section */
		79262EDF20B0D6F600D576C1 /* Sources */ = {
			isa = PBXSourcesBuildPhase;
			buildActionMask = 2147483647;
			files = (
				79262EE920B0D6F600D576C1 /* MainViewController.swift in Sources */,
				792198A222011A450051F03F /* Config.swift in Sources */,
				79177CA820B2276400BCD399 /* VideoViewController.swift in Sources */,
				79262EE720B0D6F600D576C1 /* AppDelegate.swift in Sources */,
				27C7E923268DA79000EA2D70 /* ViewController.swift in Sources */,
				795A4A26221E081A00F8BB03 /* SessionDescription.swift in Sources */,
				79177CA620B1F76E00BCD399 /* RTCStates.swift in Sources */,
				79177C9920B0DF2700BCD399 /* SignalingClient.swift in Sources */,
				795A4A2A221E0FB100F8BB03 /* Message.swift in Sources */,
				795A4A28221E0A1B00F8BB03 /* IceCandidate.swift in Sources */,
				2F7EBC3622DCC6430015B46E /* WebSocketProvider.swift in Sources */,
				79177C9720B0DE7A00BCD399 /* WebRTCClient.swift in Sources */,
				2F7EBC3822DCCB4E0015B46E /* StarscreamProvider.swift in Sources */,
				2F7EBC3A22DCCE240015B46E /* NativeWebSocket.swift in Sources */,
			);
			runOnlyForDeploymentPostprocessing = 0;
		};
/* End PBXSourcesBuildPhase section */

/* Begin XCBuildConfiguration section */
		79262EF320B0D6F800D576C1 /* Debug */ = {
			isa = XCBuildConfiguration;
			buildSettings = {
				ALWAYS_SEARCH_USER_PATHS = NO;
				CLANG_ANALYZER_NONNULL = YES;
				CLANG_ANALYZER_NUMBER_OBJECT_CONVERSION = YES_AGGRESSIVE;
				CLANG_CXX_LANGUAGE_STANDARD = "gnu++14";
				CLANG_CXX_LIBRARY = "libc++";
				CLANG_ENABLE_MODULES = YES;
				CLANG_ENABLE_OBJC_ARC = YES;
				CLANG_ENABLE_OBJC_WEAK = YES;
				CLANG_WARN_BLOCK_CAPTURE_AUTORELEASING = YES;
				CLANG_WARN_BOOL_CONVERSION = YES;
				CLANG_WARN_COMMA = YES;
				CLANG_WARN_CONSTANT_CONVERSION = YES;
				CLANG_WARN_DEPRECATED_OBJC_IMPLEMENTATIONS = YES;
				CLANG_WARN_DIRECT_OBJC_ISA_USAGE = YES_ERROR;
				CLANG_WARN_DOCUMENTATION_COMMENTS = YES;
				CLANG_WARN_EMPTY_BODY = YES;
				CLANG_WARN_ENUM_CONVERSION = YES;
				CLANG_WARN_INFINITE_RECURSION = YES;
				CLANG_WARN_INT_CONVERSION = YES;
				CLANG_WARN_NON_LITERAL_NULL_CONVERSION = YES;
				CLANG_WARN_OBJC_IMPLICIT_RETAIN_SELF = YES;
				CLANG_WARN_OBJC_LITERAL_CONVERSION = YES;
				CLANG_WARN_OBJC_ROOT_CLASS = YES_ERROR;
				CLANG_WARN_QUOTED_INCLUDE_IN_FRAMEWORK_HEADER = YES;
				CLANG_WARN_RANGE_LOOP_ANALYSIS = YES;
				CLANG_WARN_STRICT_PROTOTYPES = YES;
				CLANG_WARN_SUSPICIOUS_MOVE = YES;
				CLANG_WARN_UNGUARDED_AVAILABILITY = YES_AGGRESSIVE;
				CLANG_WARN_UNREACHABLE_CODE = YES;
				CLANG_WARN__DUPLICATE_METHOD_MATCH = YES;
				CODE_SIGN_IDENTITY = "iPhone Developer";
				COPY_PHASE_STRIP = NO;
				DEBUG_INFORMATION_FORMAT = dwarf;
				ENABLE_BITCODE = YES;
				ENABLE_STRICT_OBJC_MSGSEND = YES;
				ENABLE_TESTABILITY = YES;
				GCC_C_LANGUAGE_STANDARD = gnu11;
				GCC_DYNAMIC_NO_PIC = NO;
				GCC_NO_COMMON_BLOCKS = YES;
				GCC_OPTIMIZATION_LEVEL = 0;
				GCC_PREPROCESSOR_DEFINITIONS = (
					"DEBUG=1",
					"$(inherited)",
				);
				GCC_WARN_64_TO_32_BIT_CONVERSION = YES;
				GCC_WARN_ABOUT_RETURN_TYPE = YES_ERROR;
				GCC_WARN_UNDECLARED_SELECTOR = YES;
				GCC_WARN_UNINITIALIZED_AUTOS = YES_AGGRESSIVE;
				GCC_WARN_UNUSED_FUNCTION = YES;
				GCC_WARN_UNUSED_VARIABLE = YES;
				IPHONEOS_DEPLOYMENT_TARGET = 12.0;
				MTL_ENABLE_DEBUG_INFO = YES;
				ONLY_ACTIVE_ARCH = YES;
				SDKROOT = iphoneos;
				SWIFT_ACTIVE_COMPILATION_CONDITIONS = DEBUG;
				SWIFT_OPTIMIZATION_LEVEL = "-Onone";
				SWIFT_VERSION = 5.0;
			};
			name = Debug;
		};
		79262EF420B0D6F800D576C1 /* Release */ = {
			isa = XCBuildConfiguration;
			buildSettings = {
				ALWAYS_SEARCH_USER_PATHS = NO;
				CLANG_ANALYZER_NONNULL = YES;
				CLANG_ANALYZER_NUMBER_OBJECT_CONVERSION = YES_AGGRESSIVE;
				CLANG_CXX_LANGUAGE_STANDARD = "gnu++14";
				CLANG_CXX_LIBRARY = "libc++";
				CLANG_ENABLE_MODULES = YES;
				CLANG_ENABLE_OBJC_ARC = YES;
				CLANG_ENABLE_OBJC_WEAK = YES;
				CLANG_WARN_BLOCK_CAPTURE_AUTORELEASING = YES;
				CLANG_WARN_BOOL_CONVERSION = YES;
				CLANG_WARN_COMMA = YES;
				CLANG_WARN_CONSTANT_CONVERSION = YES;
				CLANG_WARN_DEPRECATED_OBJC_IMPLEMENTATIONS = YES;
				CLANG_WARN_DIRECT_OBJC_ISA_USAGE = YES_ERROR;
				CLANG_WARN_DOCUMENTATION_COMMENTS = YES;
				CLANG_WARN_EMPTY_BODY = YES;
				CLANG_WARN_ENUM_CONVERSION = YES;
				CLANG_WARN_INFINITE_RECURSION = YES;
				CLANG_WARN_INT_CONVERSION = YES;
				CLANG_WARN_NON_LITERAL_NULL_CONVERSION = YES;
				CLANG_WARN_OBJC_IMPLICIT_RETAIN_SELF = YES;
				CLANG_WARN_OBJC_LITERAL_CONVERSION = YES;
				CLANG_WARN_OBJC_ROOT_CLASS = YES_ERROR;
				CLANG_WARN_QUOTED_INCLUDE_IN_FRAMEWORK_HEADER = YES;
				CLANG_WARN_RANGE_LOOP_ANALYSIS = YES;
				CLANG_WARN_STRICT_PROTOTYPES = YES;
				CLANG_WARN_SUSPICIOUS_MOVE = YES;
				CLANG_WARN_UNGUARDED_AVAILABILITY = YES_AGGRESSIVE;
				CLANG_WARN_UNREACHABLE_CODE = YES;
				CLANG_WARN__DUPLICATE_METHOD_MATCH = YES;
				CODE_SIGN_IDENTITY = "iPhone Developer";
				COPY_PHASE_STRIP = NO;
				DEBUG_INFORMATION_FORMAT = "dwarf-with-dsym";
				ENABLE_BITCODE = YES;
				ENABLE_NS_ASSERTIONS = NO;
				ENABLE_STRICT_OBJC_MSGSEND = YES;
				GCC_C_LANGUAGE_STANDARD = gnu11;
				GCC_NO_COMMON_BLOCKS = YES;
				GCC_WARN_64_TO_32_BIT_CONVERSION = YES;
				GCC_WARN_ABOUT_RETURN_TYPE = YES_ERROR;
				GCC_WARN_UNDECLARED_SELECTOR = YES;
				GCC_WARN_UNINITIALIZED_AUTOS = YES_AGGRESSIVE;
				GCC_WARN_UNUSED_FUNCTION = YES;
				GCC_WARN_UNUSED_VARIABLE = YES;
				IPHONEOS_DEPLOYMENT_TARGET = 10.0;
				MTL_ENABLE_DEBUG_INFO = NO;
				SDKROOT = iphoneos;
				SWIFT_COMPILATION_MODE = wholemodule;
				SWIFT_OPTIMIZATION_LEVEL = "-O";
				SWIFT_VERSION = 5.0;
				VALIDATE_PRODUCT = YES;
			};
			name = Release;
		};
		79262EF620B0D6F800D576C1 /* Debug */ = {
			isa = XCBuildConfiguration;
			baseConfigurationReference = 1F48F96F6DF5A79C31ADEF42 /* Pods-WebRTC-Demo.debug.xcconfig */;
			buildSettings = {
				ASSETCATALOG_COMPILER_APPICON_NAME = AppIcon;
				CLANG_ENABLE_MODULES = YES;
				CODE_SIGN_IDENTITY = "Apple Development";
				CODE_SIGN_STYLE = Automatic;
				CURRENT_PROJECT_VERSION = 1;
				DEVELOPMENT_TEAM = 5MG4YU4SAP;
				FRAMEWORK_SEARCH_PATHS = (
					"$(inherited)",
					"$(PROJECT_DIR)/External\\ libraries/WebRTC.xcframework/ios",
				);
				INFOPLIST_FILE = "$(SRCROOT)/SupportingFiles/Info.plist";
				IPHONEOS_DEPLOYMENT_TARGET = 10.0;
				LD_RUNPATH_SEARCH_PATHS = (
					"$(inherited)",
					"@executable_path/Frameworks",
				);
				PRODUCT_BUNDLE_IDENTIFIER = "com.digital-healthtech.WebRTCDemo";
				PRODUCT_NAME = "$(TARGET_NAME)";
				PROVISIONING_PROFILE_SPECIFIER = "";
				SWIFT_OPTIMIZATION_LEVEL = "-Onone";
				SWIFT_TREAT_WARNINGS_AS_ERRORS = YES;
				TARGETED_DEVICE_FAMILY = "1,2";
			};
			name = Debug;
		};
		79262EF720B0D6F800D576C1 /* Release */ = {
			isa = XCBuildConfiguration;
			baseConfigurationReference = 0630B7FCFDAF2334345DCD37 /* Pods-WebRTC-Demo.release.xcconfig */;
			buildSettings = {
				ASSETCATALOG_COMPILER_APPICON_NAME = AppIcon;
				CLANG_ENABLE_MODULES = YES;
				CODE_SIGN_IDENTITY = "Apple Development";
				CODE_SIGN_STYLE = Automatic;
				CURRENT_PROJECT_VERSION = 1;
				DEVELOPMENT_TEAM = 5MG4YU4SAP;
				FRAMEWORK_SEARCH_PATHS = (
					"$(inherited)",
					"$(PROJECT_DIR)/External\\ libraries/WebRTC.xcframework/ios",
				);
				INFOPLIST_FILE = "$(SRCROOT)/SupportingFiles/Info.plist";
				IPHONEOS_DEPLOYMENT_TARGET = 10.0;
				LD_RUNPATH_SEARCH_PATHS = (
					"$(inherited)",
					"@executable_path/Frameworks",
				);
				PRODUCT_BUNDLE_IDENTIFIER = "com.digital-healthtech.WebRTCDemo";
				PRODUCT_NAME = "$(TARGET_NAME)";
				PROVISIONING_PROFILE_SPECIFIER = "";
				SWIFT_TREAT_WARNINGS_AS_ERRORS = YES;
				TARGETED_DEVICE_FAMILY = "1,2";
			};
			name = Release;
		};
/* End XCBuildConfiguration section */

/* Begin XCConfigurationList section */
		79262EDE20B0D6F500D576C1 /* Build configuration list for PBXProject "WebRTC-Demo" */ = {
			isa = XCConfigurationList;
			buildConfigurations = (
				79262EF320B0D6F800D576C1 /* Debug */,
				79262EF420B0D6F800D576C1 /* Release */,
			);
			defaultConfigurationIsVisible = 0;
			defaultConfigurationName = Release;
		};
		79262EF520B0D6F800D576C1 /* Build configuration list for PBXNativeTarget "WebRTC-Demo" */ = {
			isa = XCConfigurationList;
			buildConfigurations = (
				79262EF620B0D6F800D576C1 /* Debug */,
				79262EF720B0D6F800D576C1 /* Release */,
			);
			defaultConfigurationIsVisible = 0;
			defaultConfigurationName = Release;
		};
/* End XCConfigurationList section */
	};
	rootObject = 79262EDB20B0D6F500D576C1 /* Project object */;
}
